
Microsoft Visual Studio Solution File, Format Version 12.00
# Visual Studio Version 16
VisualStudioVersion = 16.0.32106.194
MinimumVisualStudioVersion = 10.0.40219.1
Project("{FAE04EC0-301F-11D3-BF4B-00C04F79EFBC}") = "Linked List", "Linked List\Linked List.csproj", "{780B385C-8D99-409A-B09F-42EA6D381AEE}"
EndProject
Global
	GlobalSection(SolutionConfigurationPlatforms) = preSolution
		Debug|Any CPU = Debug|Any CPU
		Release|Any CPU = Release|Any CPU
	EndGlobalSection
	GlobalSection(ProjectConfigurationPlatforms) = postSolution
		{780B385C-8D99-409A-B09F-42EA6D381AEE}.Debug|Any CPU.ActiveCfg = Debug|Any CPU
		{780B385C-8D99-409A-B09F-42EA6D381AEE}.Debug|Any CPU.Build.0 = Debug|Any CPU
		{780B385C-8D99-409A-B09F-42EA6D381AEE}.Release|Any CPU.ActiveCfg = Release|Any CPU
		{780B385C-8D99-409A-B09F-42EA6D381AEE}.Release|Any CPU.Build.0 = Release|Any CPU
	EndGlobalSection
	GlobalSection(SolutionProperties) = preSolution
		HideSolutionNode = FALSE
	EndGlobalSection
	GlobalSection(ExtensibilityGlobals) = postSolution
		SolutionGuid = {C68EE469-E9D8-43EC-A5EE-C0A5F9CA5F03}
	EndGlobalSection
EndGlobal
